// !$*UTF8*$!
{
	archiveVersion = 1;
	classes = {
	};
	objectVersion = 46;
	objects = {

/* Begin PBXBuildFile section */
		BC6A38F832432ACE281F6C1D /* Pods_Weathify.framework in Frameworks */ = {isa = PBXBuildFile; fileRef = 56AAB6E7FC25635CC0548EB6 /* Pods_Weathify.framework */; };
		BF23ADF61EBB839F00FD5F00 /* AppDelegate.swift in Sources */ = {isa = PBXBuildFile; fileRef = BF23ADF51EBB839F00FD5F00 /* AppDelegate.swift */; };
		BF23ADF81EBB839F00FD5F00 /* LoginPageViewController.swift in Sources */ = {isa = PBXBuildFile; fileRef = BF23ADF71EBB839F00FD5F00 /* LoginPageViewController.swift */; };
		BF23ADFB1EBB839F00FD5F00 /* Main.storyboard in Resources */ = {isa = PBXBuildFile; fileRef = BF23ADF91EBB839F00FD5F00 /* Main.storyboard */; };
		BF23ADFD1EBB839F00FD5F00 /* Assets.xcassets in Resources */ = {isa = PBXBuildFile; fileRef = BF23ADFC1EBB839F00FD5F00 /* Assets.xcassets */; };
		BF23AE001EBB839F00FD5F00 /* LaunchScreen.storyboard in Resources */ = {isa = PBXBuildFile; fileRef = BF23ADFE1EBB839F00FD5F00 /* LaunchScreen.storyboard */; };
		BF23AE0A1EBB83F000FD5F00 /* SpotifyAudioPlayback.framework in Frameworks */ = {isa = PBXBuildFile; fileRef = BF23AE071EBB83F000FD5F00 /* SpotifyAudioPlayback.framework */; };
		BF23AE0B1EBB83F000FD5F00 /* SpotifyAuthentication.framework in Frameworks */ = {isa = PBXBuildFile; fileRef = BF23AE081EBB83F000FD5F00 /* SpotifyAuthentication.framework */; };
		BF23AE0C1EBB83F000FD5F00 /* SpotifyMetadata.framework in Frameworks */ = {isa = PBXBuildFile; fileRef = BF23AE091EBB83F000FD5F00 /* SpotifyMetadata.framework */; };
		BF23AE111EBB84D700FD5F00 /* BridgingViewController.m in Sources */ = {isa = PBXBuildFile; fileRef = BF23AE101EBB84D700FD5F00 /* BridgingViewController.m */; };
		BF23AE131EBB850D00FD5F00 /* APIsession.swift in Sources */ = {isa = PBXBuildFile; fileRef = BF23AE121EBB850D00FD5F00 /* APIsession.swift */; };
		BF23AE171EBBA12800FD5F00 /* Alamofire.framework in Frameworks */ = {isa = PBXBuildFile; fileRef = BF23AE161EBBA12800FD5F00 /* Alamofire.framework */; };
		BF3A80661EBC0E3E00CBACD7 /* HistoryTableViewController.swift in Sources */ = {isa = PBXBuildFile; fileRef = BF3A80651EBC0E3E00CBACD7 /* HistoryTableViewController.swift */; };
		BF3A80681EBC0E7200CBACD7 /* Song.swift in Sources */ = {isa = PBXBuildFile; fileRef = BF3A80671EBC0E7200CBACD7 /* Song.swift */; };
/* End PBXBuildFile section */

/* Begin PBXFileReference section */
		1B4CC42D4BBB972B64A65CC9 /* Pods-Weathify.release.xcconfig */ = {isa = PBXFileReference; includeInIndex = 1; lastKnownFileType = text.xcconfig; name = "Pods-Weathify.release.xcconfig"; path = "Pods/Target Support Files/Pods-Weathify/Pods-Weathify.release.xcconfig"; sourceTree = "<group>"; };
		56AAB6E7FC25635CC0548EB6 /* Pods_Weathify.framework */ = {isa = PBXFileReference; explicitFileType = wrapper.framework; includeInIndex = 0; path = Pods_Weathify.framework; sourceTree = BUILT_PRODUCTS_DIR; };
		85B81F66A2E2582C6B089261 /* Pods-Weathify.debug.xcconfig */ = {isa = PBXFileReference; includeInIndex = 1; lastKnownFileType = text.xcconfig; name = "Pods-Weathify.debug.xcconfig"; path = "Pods/Target Support Files/Pods-Weathify/Pods-Weathify.debug.xcconfig"; sourceTree = "<group>"; };
		BF23ADF21EBB839F00FD5F00 /* Weathify.app */ = {isa = PBXFileReference; explicitFileType = wrapper.application; includeInIndex = 0; path = Weathify.app; sourceTree = BUILT_PRODUCTS_DIR; };
		BF23ADF51EBB839F00FD5F00 /* AppDelegate.swift */ = {isa = PBXFileReference; lastKnownFileType = sourcecode.swift; path = AppDelegate.swift; sourceTree = "<group>"; };
		BF23ADF71EBB839F00FD5F00 /* LoginPageViewController.swift */ = {isa = PBXFileReference; lastKnownFileType = sourcecode.swift; path = LoginPageViewController.swift; sourceTree = "<group>"; };
		BF23ADFA1EBB839F00FD5F00 /* Base */ = {isa = PBXFileReference; lastKnownFileType = file.storyboard; name = Base; path = Base.lproj/Main.storyboard; sourceTree = "<group>"; };
		BF23ADFC1EBB839F00FD5F00 /* Assets.xcassets */ = {isa = PBXFileReference; lastKnownFileType = folder.assetcatalog; path = Assets.xcassets; sourceTree = "<group>"; };
		BF23ADFF1EBB839F00FD5F00 /* Base */ = {isa = PBXFileReference; lastKnownFileType = file.storyboard; name = Base; path = Base.lproj/LaunchScreen.storyboard; sourceTree = "<group>"; };
		BF23AE011EBB839F00FD5F00 /* Info.plist */ = {isa = PBXFileReference; lastKnownFileType = text.plist.xml; path = Info.plist; sourceTree = "<group>"; };
		BF23AE071EBB83F000FD5F00 /* SpotifyAudioPlayback.framework */ = {isa = PBXFileReference; lastKnownFileType = wrapper.framework; path = SpotifyAudioPlayback.framework; sourceTree = "<group>"; };
		BF23AE081EBB83F000FD5F00 /* SpotifyAuthentication.framework */ = {isa = PBXFileReference; lastKnownFileType = wrapper.framework; path = SpotifyAuthentication.framework; sourceTree = "<group>"; };
		BF23AE091EBB83F000FD5F00 /* SpotifyMetadata.framework */ = {isa = PBXFileReference; lastKnownFileType = wrapper.framework; path = SpotifyMetadata.framework; sourceTree = "<group>"; };
		BF23AE0E1EBB84D700FD5F00 /* Weathify-Bridging-Header.h */ = {isa = PBXFileReference; lastKnownFileType = sourcecode.c.h; path = "Weathify-Bridging-Header.h"; sourceTree = SOURCE_ROOT; };
		BF23AE0F1EBB84D700FD5F00 /* BridgingViewController.h */ = {isa = PBXFileReference; fileEncoding = 4; lastKnownFileType = sourcecode.c.h; name = BridgingViewController.h; path = ../BridgingViewController.h; sourceTree = "<group>"; };
		BF23AE101EBB84D700FD5F00 /* BridgingViewController.m */ = {isa = PBXFileReference; fileEncoding = 4; lastKnownFileType = sourcecode.c.objc; name = BridgingViewController.m; path = ../BridgingViewController.m; sourceTree = "<group>"; };
		BF23AE121EBB850D00FD5F00 /* APIsession.swift */ = {isa = PBXFileReference; fileEncoding = 4; lastKnownFileType = sourcecode.swift; path = APIsession.swift; sourceTree = "<group>"; };
		BF23AE161EBBA12800FD5F00 /* Alamofire.framework */ = {isa = PBXFileReference; lastKnownFileType = wrapper.framework; name = Alamofire.framework; path = "../../../Library/Developer/Xcode/DerivedData/Weathify-gxwxivhqikfozkarzgiqftqfuexl/Build/Products/Debug-iphonesimulator/Alamofire/Alamofire.framework"; sourceTree = "<group>"; };
		BF3A80651EBC0E3E00CBACD7 /* HistoryTableViewController.swift */ = {isa = PBXFileReference; fileEncoding = 4; lastKnownFileType = sourcecode.swift; path = HistoryTableViewController.swift; sourceTree = "<group>"; };
		BF3A80671EBC0E7200CBACD7 /* Song.swift */ = {isa = PBXFileReference; fileEncoding = 4; lastKnownFileType = sourcecode.swift; path = Song.swift; sourceTree = "<group>"; };
/* End PBXFileReference section */

/* Begin PBXFrameworksBuildPhase section */
		BF23ADEF1EBB839F00FD5F00 /* Frameworks */ = {
			isa = PBXFrameworksBuildPhase;
			buildActionMask = 2147483647;
			files = (
				BF23AE171EBBA12800FD5F00 /* Alamofire.framework in Frameworks */,
				BF23AE0A1EBB83F000FD5F00 /* SpotifyAudioPlayback.framework in Frameworks */,
				BF23AE0C1EBB83F000FD5F00 /* SpotifyMetadata.framework in Frameworks */,
				BF23AE0B1EBB83F000FD5F00 /* SpotifyAuthentication.framework in Frameworks */,
				BC6A38F832432ACE281F6C1D /* Pods_Weathify.framework in Frameworks */,
			);
			runOnlyForDeploymentPostprocessing = 0;
		};
/* End PBXFrameworksBuildPhase section */

/* Begin PBXGroup section */
		1B13E443D3CE66D2925D804B /* Pods */ = {
			isa = PBXGroup;
			children = (
				85B81F66A2E2582C6B089261 /* Pods-Weathify.debug.xcconfig */,
				1B4CC42D4BBB972B64A65CC9 /* Pods-Weathify.release.xcconfig */,
			);
			name = Pods;
			sourceTree = "<group>";
		};
		1FD90221566AB8C149F35082 /* Frameworks */ = {
			isa = PBXGroup;
			children = (
				BF23AE161EBBA12800FD5F00 /* Alamofire.framework */,
				56AAB6E7FC25635CC0548EB6 /* Pods_Weathify.framework */,
			);
			name = Frameworks;
			sourceTree = "<group>";
		};
		BF23ADE91EBB839F00FD5F00 = {
			isa = PBXGroup;
			children = (
				BF23ADF41EBB839F00FD5F00 /* Weathify */,
				BF23ADF31EBB839F00FD5F00 /* Products */,
				1B13E443D3CE66D2925D804B /* Pods */,
				1FD90221566AB8C149F35082 /* Frameworks */,
			);
			sourceTree = "<group>";
		};
		BF23ADF31EBB839F00FD5F00 /* Products */ = {
			isa = PBXGroup;
			children = (
				BF23ADF21EBB839F00FD5F00 /* Weathify.app */,
			);
			name = Products;
			sourceTree = "<group>";
		};
		BF23ADF41EBB839F00FD5F00 /* Weathify */ = {
			isa = PBXGroup;
			children = (
				BF23AE071EBB83F000FD5F00 /* SpotifyAudioPlayback.framework */,
				BF23AE081EBB83F000FD5F00 /* SpotifyAuthentication.framework */,
				BF23AE091EBB83F000FD5F00 /* SpotifyMetadata.framework */,
				BF23ADF51EBB839F00FD5F00 /* AppDelegate.swift */,
				BF23ADF71EBB839F00FD5F00 /* LoginPageViewController.swift */,
				BF23AE121EBB850D00FD5F00 /* APIsession.swift */,
				BF23ADF91EBB839F00FD5F00 /* Main.storyboard */,
				BF3A80651EBC0E3E00CBACD7 /* HistoryTableViewController.swift */,
				BF3A80671EBC0E7200CBACD7 /* Song.swift */,
				BF23ADFC1EBB839F00FD5F00 /* Assets.xcassets */,
				BF23ADFE1EBB839F00FD5F00 /* LaunchScreen.storyboard */,
				BF23AE011EBB839F00FD5F00 /* Info.plist */,
				BF23AE0F1EBB84D700FD5F00 /* BridgingViewController.h */,
				BF23AE101EBB84D700FD5F00 /* BridgingViewController.m */,
				BF23AE0E1EBB84D700FD5F00 /* Weathify-Bridging-Header.h */,
			);
			path = Weathify;
			sourceTree = "<group>";
		};
/* End PBXGroup section */

/* Begin PBXNativeTarget section */
		BF23ADF11EBB839F00FD5F00 /* Weathify */ = {
			isa = PBXNativeTarget;
			buildConfigurationList = BF23AE041EBB839F00FD5F00 /* Build configuration list for PBXNativeTarget "Weathify" */;
			buildPhases = (
				3E629ACD635AC4F601C79399 /* [CP] Check Pods Manifest.lock */,
				BF23ADEE1EBB839F00FD5F00 /* Sources */,
				BF23ADEF1EBB839F00FD5F00 /* Frameworks */,
				BF23ADF01EBB839F00FD5F00 /* Resources */,
				655BE873767374C96EEB8A97 /* [CP] Embed Pods Frameworks */,
				DE5CBD2BA1B458B4F3EA1BB9 /* [CP] Copy Pods Resources */,
			);
			buildRules = (
			);
			dependencies = (
			);
			name = Weathify;
			productName = Weathify;
			productReference = BF23ADF21EBB839F00FD5F00 /* Weathify.app */;
			productType = "com.apple.product-type.application";
		};
/* End PBXNativeTarget section */

/* Begin PBXProject section */
		BF23ADEA1EBB839F00FD5F00 /* Project object */ = {
			isa = PBXProject;
			attributes = {
				LastSwiftUpdateCheck = 0820;
				LastUpgradeCheck = 0820;
				ORGANIZATIONNAME = "Alexander Tryjankowski";
				TargetAttributes = {
					BF23ADF11EBB839F00FD5F00 = {
						CreatedOnToolsVersion = 8.2.1;
						LastSwiftMigration = 0820;
						ProvisioningStyle = Automatic;
					};
				};
			};
			buildConfigurationList = BF23ADED1EBB839F00FD5F00 /* Build configuration list for PBXProject "Weathify" */;
			compatibilityVersion = "Xcode 3.2";
			developmentRegion = English;
			hasScannedForEncodings = 0;
			knownRegions = (
				en,
				Base,
			);
			mainGroup = BF23ADE91EBB839F00FD5F00;
			productRefGroup = BF23ADF31EBB839F00FD5F00 /* Products */;
			projectDirPath = "";
			projectRoot = "";
			targets = (
				BF23ADF11EBB839F00FD5F00 /* Weathify */,
			);
		};
/* End PBXProject section */

/* Begin PBXResourcesBuildPhase section */
		BF23ADF01EBB839F00FD5F00 /* Resources */ = {
			isa = PBXResourcesBuildPhase;
			buildActionMask = 2147483647;
			files = (
				BF23AE001EBB839F00FD5F00 /* LaunchScreen.storyboard in Resources */,
				BF23ADFD1EBB839F00FD5F00 /* Assets.xcassets in Resources */,
				BF23ADFB1EBB839F00FD5F00 /* Main.storyboard in Resources */,
			);
			runOnlyForDeploymentPostprocessing = 0;
		};
/* End PBXResourcesBuildPhase section */

/* Begin PBXShellScriptBuildPhase section */
		3E629ACD635AC4F601C79399 /* [CP] Check Pods Manifest.lock */ = {
			isa = PBXShellScriptBuildPhase;
			buildActionMask = 2147483647;
			files = (
			);
			inputPaths = (
			);
			name = "[CP] Check Pods Manifest.lock";
			outputPaths = (
			);
			runOnlyForDeploymentPostprocessing = 0;
			shellPath = /bin/sh;
			shellScript = "diff \"${PODS_PODFILE_DIR_PATH}/Podfile.lock\" \"${PODS_ROOT}/Manifest.lock\" > /dev/null\nif [ $? != 0 ] ; then\n    # print error to STDERR\n    echo \"error: The sandbox is not in sync with the Podfile.lock. Run 'pod install' or update your CocoaPods installation.\" >&2\n    exit 1\nfi\n";
			showEnvVarsInLog = 0;
		};
		655BE873767374C96EEB8A97 /* [CP] Embed Pods Frameworks */ = {
			isa = PBXShellScriptBuildPhase;
			buildActionMask = 2147483647;
			files = (
			);
			inputPaths = (
			);
			name = "[CP] Embed Pods Frameworks";
			outputPaths = (
			);
			runOnlyForDeploymentPostprocessing = 0;
			shellPath = /bin/sh;
			shellScript = "\"${SRCROOT}/Pods/Target Support Files/Pods-Weathify/Pods-Weathify-frameworks.sh\"\n";
			showEnvVarsInLog = 0;
		};
		DE5CBD2BA1B458B4F3EA1BB9 /* [CP] Copy Pods Resources */ = {
			isa = PBXShellScriptBuildPhase;
			buildActionMask = 2147483647;
			files = (
			);
			inputPaths = (
			);
			name = "[CP] Copy Pods Resources";
			outputPaths = (
			);
			runOnlyForDeploymentPostprocessing = 0;
			shellPath = /bin/sh;
			shellScript = "\"${SRCROOT}/Pods/Target Support Files/Pods-Weathify/Pods-Weathify-resources.sh\"\n";
			showEnvVarsInLog = 0;
		};
/* End PBXShellScriptBuildPhase section */

/* Begin PBXSourcesBuildPhase section */
		BF23ADEE1EBB839F00FD5F00 /* Sources */ = {
			isa = PBXSourcesBuildPhase;
			buildActionMask = 2147483647;
			files = (
				BF3A80681EBC0E7200CBACD7 /* Song.swift in Sources */,
				BF23AE111EBB84D700FD5F00 /* BridgingViewController.m in Sources */,
				BF23AE131EBB850D00FD5F00 /* APIsession.swift in Sources */,
				BF3A80661EBC0E3E00CBACD7 /* HistoryTableViewController.swift in Sources */,
				BF23ADF81EBB839F00FD5F00 /* LoginPageViewController.swift in Sources */,
				BF23ADF61EBB839F00FD5F00 /* AppDelegate.swift in Sources */,
			);
			runOnlyForDeploymentPostprocessing = 0;
		};
/* End PBXSourcesBuildPhase section */

/* Begin PBXVariantGroup section */
		BF23ADF91EBB839F00FD5F00 /* Main.storyboard */ = {
			isa = PBXVariantGroup;
			children = (
				BF23ADFA1EBB839F00FD5F00 /* Base */,
			);
			name = Main.storyboard;
			sourceTree = "<group>";
		};
		BF23ADFE1EBB839F00FD5F00 /* LaunchScreen.storyboard */ = {
			isa = PBXVariantGroup;
			children = (
				BF23ADFF1EBB839F00FD5F00 /* Base */,
			);
			name = LaunchScreen.storyboard;
			sourceTree = "<group>";
		};
/* End PBXVariantGroup section */

/* Begin XCBuildConfiguration section */
		BF23AE021EBB839F00FD5F00 /* Debug */ = {
			isa = XCBuildConfiguration;
			buildSettings = {
				ALWAYS_SEARCH_USER_PATHS = NO;
				CLANG_ANALYZER_NONNULL = YES;
				CLANG_CXX_LANGUAGE_STANDARD = "gnu++0x";
				CLANG_CXX_LIBRARY = "libc++";
				CLANG_ENABLE_MODULES = YES;
				CLANG_ENABLE_OBJC_ARC = YES;
				CLANG_WARN_BOOL_CONVERSION = YES;
				CLANG_WARN_CONSTANT_CONVERSION = YES;
				CLANG_WARN_DIRECT_OBJC_ISA_USAGE = YES_ERROR;
				CLANG_WARN_DOCUMENTATION_COMMENTS = YES;
				CLANG_WARN_EMPTY_BODY = YES;
				CLANG_WARN_ENUM_CONVERSION = YES;
				CLANG_WARN_INFINITE_RECURSION = YES;
				CLANG_WARN_INT_CONVERSION = YES;
				CLANG_WARN_OBJC_ROOT_CLASS = YES_ERROR;
				CLANG_WARN_SUSPICIOUS_MOVE = YES;
				CLANG_WARN_UNREACHABLE_CODE = YES;
				CLANG_WARN__DUPLICATE_METHOD_MATCH = YES;
				"CODE_SIGN_IDENTITY[sdk=iphoneos*]" = "iPhone Developer";
				COPY_PHASE_STRIP = NO;
				DEBUG_INFORMATION_FORMAT = dwarf;
				ENABLE_STRICT_OBJC_MSGSEND = YES;
				ENABLE_TESTABILITY = YES;
				GCC_C_LANGUAGE_STANDARD = gnu99;
				GCC_DYNAMIC_NO_PIC = NO;
				GCC_NO_COMMON_BLOCKS = YES;
				GCC_OPTIMIZATION_LEVEL = 0;
				GCC_PREPROCESSOR_DEFINITIONS = (
					"DEBUG=1",
					"$(inherited)",
				);
				GCC_WARN_64_TO_32_BIT_CONVERSION = YES;
				GCC_WARN_ABOUT_RETURN_TYPE = YES_ERROR;
				GCC_WARN_UNDECLARED_SELECTOR = YES;
				GCC_WARN_UNINITIALIZED_AUTOS = YES_AGGRESSIVE;
				GCC_WARN_UNUSED_FUNCTION = YES;
				GCC_WARN_UNUSED_VARIABLE = YES;
				IPHONEOS_DEPLOYMENT_TARGET = 10.2;
				MTL_ENABLE_DEBUG_INFO = YES;
				ONLY_ACTIVE_ARCH = YES;
				SDKROOT = iphoneos;
				SWIFT_ACTIVE_COMPILATION_CONDITIONS = DEBUG;
				SWIFT_OPTIMIZATION_LEVEL = "-Onone";
				TARGETED_DEVICE_FAMILY = "1,2";
			};
			name = Debug;
		};
		BF23AE031EBB839F00FD5F00 /* Release */ = {
			isa = XCBuildConfiguration;
			buildSettings = {
				ALWAYS_SEARCH_USER_PATHS = NO;
				CLANG_ANALYZER_NONNULL = YES;
				CLANG_CXX_LANGUAGE_STANDARD = "gnu++0x";
				CLANG_CXX_LIBRARY = "libc++";
				CLANG_ENABLE_MODULES = YES;
				CLANG_ENABLE_OBJC_ARC = YES;
				CLANG_WARN_BOOL_CONVERSION = YES;
				CLANG_WARN_CONSTANT_CONVERSION = YES;
				CLANG_WARN_DIRECT_OBJC_ISA_USAGE = YES_ERROR;
				CLANG_WARN_DOCUMENTATION_COMMENTS = YES;
				CLANG_WARN_EMPTY_BODY = YES;
				CLANG_WARN_ENUM_CONVERSION = YES;
				CLANG_WARN_INFINITE_RECURSION = YES;
				CLANG_WARN_INT_CONVERSION = YES;
				CLANG_WARN_OBJC_ROOT_CLASS = YES_ERROR;
				CLANG_WARN_SUSPICIOUS_MOVE = YES;
				CLANG_WARN_UNREACHABLE_CODE = YES;
				CLANG_WARN__DUPLICATE_METHOD_MATCH = YES;
				"CODE_SIGN_IDENTITY[sdk=iphoneos*]" = "iPhone Developer";
				COPY_PHASE_STRIP = NO;
				DEBUG_INFORMATION_FORMAT = "dwarf-with-dsym";
				ENABLE_NS_ASSERTIONS = NO;
				ENABLE_STRICT_OBJC_MSGSEND = YES;
				GCC_C_LANGUAGE_STANDARD = gnu99;
				GCC_NO_COMMON_BLOCKS = YES;
				GCC_WARN_64_TO_32_BIT_CONVERSION = YES;
				GCC_WARN_ABOUT_RETURN_TYPE = YES_ERROR;
				GCC_WARN_UNDECLARED_SELECTOR = YES;
				GCC_WARN_UNINITIALIZED_AUTOS = YES_AGGRESSIVE;
				GCC_WARN_UNUSED_FUNCTION = YES;
				GCC_WARN_UNUSED_VARIABLE = YES;
				IPHONEOS_DEPLOYMENT_TARGET = 10.2;
				MTL_ENABLE_DEBUG_INFO = NO;
				SDKROOT = iphoneos;
				SWIFT_OPTIMIZATION_LEVEL = "-Owholemodule";
				TARGETED_DEVICE_FAMILY = "1,2";
				VALIDATE_PRODUCT = YES;
			};
			name = Release;
		};
		BF23AE051EBB839F00FD5F00 /* Debug */ = {
			isa = XCBuildConfiguration;
			baseConfigurationReference = 85B81F66A2E2582C6B089261 /* Pods-Weathify.debug.xcconfig */;
			buildSettings = {
				ASSETCATALOG_COMPILER_APPICON_NAME = AppIcon;
				CLANG_ENABLE_MODULES = YES;
				FRAMEWORK_SEARCH_PATHS = (
					"$(inherited)",
					"$(PROJECT_DIR)/Weathify",
				);
				INFOPLIST_FILE = Weathify/Info.plist;
				LD_RUNPATH_SEARCH_PATHS = "$(inherited) @executable_path/Frameworks";
				PRODUCT_BUNDLE_IDENTIFIER = "com.Alexander-Tryjankowski.Weathify";
				PRODUCT_NAME = "$(TARGET_NAME)";
				SWIFT_OBJC_BRIDGING_HEADER = "Weathify-Bridging-Header.h";
				SWIFT_OPTIMIZATION_LEVEL = "-Onone";
				SWIFT_VERSION = 3.0;
			};
			name = Debug;
		};
		BF23AE061EBB839F00FD5F00 /* Release */ = {
			isa = XCBuildConfiguration;
			baseConfigurationReference = 1B4CC42D4BBB972B64A65CC9 /* Pods-Weathify.release.xcconfig */;
			buildSettings = {
				ASSETCATALOG_COMPILER_APPICON_NAME = AppIcon;
				CLANG_ENABLE_MODULES = YES;
				FRAMEWORK_SEARCH_PATHS = (
					"$(inherited)",
					"$(PROJECT_DIR)/Weathify",
				);
				INFOPLIST_FILE = Weathify/Info.plist;
				LD_RUNPATH_SEARCH_PATHS = "$(inherited) @executable_path/Frameworks";
				PRODUCT_BUNDLE_IDENTIFIER = "com.Alexander-Tryjankowski.Weathify";
				PRODUCT_NAME = "$(TARGET_NAME)";
				SWIFT_OBJC_BRIDGING_HEADER = "Weathify-Bridging-Header.h";
				SWIFT_VERSION = 3.0;
			};
			name = Release;
		};
/* End XCBuildConfiguration section */

/* Begin XCConfigurationList section */
		BF23ADED1EBB839F00FD5F00 /* Build configuration list for PBXProject "Weathify" */ = {
			isa = XCConfigurationList;
			buildConfigurations = (
				BF23AE021EBB839F00FD5F00 /* Debug */,
				BF23AE031EBB839F00FD5F00 /* Release */,
			);
			defaultConfigurationIsVisible = 0;
			defaultConfigurationName = Release;
		};
		BF23AE041EBB839F00FD5F00 /* Build configuration list for PBXNativeTarget "Weathify" */ = {
			isa = XCConfigurationList;
			buildConfigurations = (
				BF23AE051EBB839F00FD5F00 /* Debug */,
				BF23AE061EBB839F00FD5F00 /* Release */,
			);
			defaultConfigurationIsVisible = 0;
			defaultConfigurationName = Release;
		};
/* End XCConfigurationList section */
	};
	rootObject = BF23ADEA1EBB839F00FD5F00 /* Project object */;
}
